{
  "name": "testaa",
  "version": "1.0.0",
  "lockfileVersion": 2,
  "requires": true,
  "packages": {
    "": {
      "name": "testaa",
      "version": "1.0.0",
      "license": "ISC",
      "dependencies": {
        "fluture-sanctuary-types": "^7.1.0",
        "hm-def": "^1.0.1"
      }
    },
    "node_modules/commander": {
      "version": "2.20.3",
      "resolved": "https://registry.npmjs.org/commander/-/commander-2.20.3.tgz",
      "integrity": "sha512-GpVkmM8vF2vQUkj2LvZmD35JxeJOLCwJ9cUkugyk2nuhbv3+mJvpLYYt+0+USMxE+oj+ey/lJEnhZw75x/OMcQ=="
    },
    "node_modules/daggy": {
      "version": "0.0.1",
      "resolved": "https://registry.npmjs.org/daggy/-/daggy-0.0.1.tgz",
      "integrity": "sha1-rpyTLJ9xNuZVoEr7Iei6rf0NNwc="
    },
    "node_modules/discontinuous-range": {
      "version": "1.0.0",
      "resolved": "https://registry.npmjs.org/discontinuous-range/-/discontinuous-range-1.0.0.tgz",
      "integrity": "sha1-44Mx8IRLukm5qctxx3FYWqsbxlo="
    },
    "node_modules/fantasy-combinators": {
      "version": "0.0.1",
      "resolved": "https://registry.npmjs.org/fantasy-combinators/-/fantasy-combinators-0.0.1.tgz",
      "integrity": "sha1-0YOIrtlL55CsQGkDH16gGDReM6E="
    },
    "node_modules/fantasy-land": {
      "version": "3.5.0",
      "resolved": "https://registry.npmjs.org/fantasy-land/-/fantasy-land-3.5.0.tgz",
      "integrity": "sha512-ou7BCdUNzcyXfwI10mDBeYUCH/UbE7xjeeRizMLnjZkDJbw/Hvg1iNEl7NhNfcGxZO+cCyX3/ma3vamhwecqhw==",
      "dependencies": {
        "daggy": "0.0.x",
        "fantasy-combinators": "0.0.x"
      }
    },
    "node_modules/fluture": {
      "version": "14.0.0",
      "resolved": "https://registry.npmjs.org/fluture/-/fluture-14.0.0.tgz",
      "integrity": "sha512-pENtLF948a8DfduVKugT8edTAbFi4rBS94xjHwzLanQqIu5PYtLGl+xqs6H8TaIRL7z/B0cDpswdINzH/HRUGA==",
      "peer": true,
      "dependencies": {
        "sanctuary-show": "^2.0.0",
        "sanctuary-type-identifiers": "^3.0.0"
      },
      "engines": {
        "node": ">=4.0.0"
      }
    },
    "node_modules/fluture-sanctuary-types": {
      "version": "7.1.0",
      "resolved": "https://registry.npmjs.org/fluture-sanctuary-types/-/fluture-sanctuary-types-7.1.0.tgz",
      "integrity": "sha512-Fnpu/D+a9u4nlMplKKR6iRKZhauYhFUibR67WIZ03SQGe+SwyrY3JjFKJs1zEPtB5diFJ+0I6gA6ICIgAu8iFA==",
      "dependencies": {
        "sanctuary-type-identifiers": "^3.0.0"
      },
      "peerDependencies": {
        "fluture": ">=12.0.0-beta.6 <15.0.0",
        "sanctuary-def": ">=0.20.0 <0.23.0"
      }
    },
    "node_modules/fluture-sanctuary-types/node_modules/sanctuary-type-identifiers": {
      "version": "3.0.0",
      "resolved": "https://registry.npmjs.org/sanctuary-type-identifiers/-/sanctuary-type-identifiers-3.0.0.tgz",
      "integrity": "sha512-YFXYcG0Ura1dSPd/1xLYtE2XAWUEsBHhMTZvYBOvwT8MeFQwdUOCMm2DC+r94z6H93FVq0qxDac8/D7QpJj6Mg=="
    },
    "node_modules/fluture/node_modules/sanctuary-show": {
      "version": "2.0.0",
      "resolved": "https://registry.npmjs.org/sanctuary-show/-/sanctuary-show-2.0.0.tgz",
      "integrity": "sha512-REj4ZiioUXnDLj6EpJ9HcYDIEGaEexmB9Fg5o6InZR9f0x5PfnnC21QeU9SZ9E7G8zXSZPNjy8VRUK4safbesw==",
      "peer": true
    },
    "node_modules/fluture/node_modules/sanctuary-type-identifiers": {
      "version": "3.0.0",
      "resolved": "https://registry.npmjs.org/sanctuary-type-identifiers/-/sanctuary-type-identifiers-3.0.0.tgz",
      "integrity": "sha512-YFXYcG0Ura1dSPd/1xLYtE2XAWUEsBHhMTZvYBOvwT8MeFQwdUOCMm2DC+r94z6H93FVq0qxDac8/D7QpJj6Mg==",
      "peer": true
    },
    "node_modules/hm-def": {
      "version": "1.0.1",
      "resolved": "https://registry.npmjs.org/hm-def/-/hm-def-1.0.1.tgz",
      "integrity": "sha512-ux0hhn4Qq4lqleo6rHrW1363s6dNG9MyBHcPw6AuXto+S8XaHtNlHE9abxcuT/hQLvCA5OQPkBLqF4HVGk9PRw==",
      "dependencies": {
        "fantasy-land": "^3.5.0",
        "hm-parser": "^0.1.5",
        "lodash.cond": "^4.5.2",
        "lodash.frompairs": "^4.0.1",
        "mem": "^4.0.0",
        "sanctuary": "^0.15.0",
        "sanctuary-def": "^0.18.1",
        "sanctuary-show": "^1.0.0"
      }
    },
    "node_modules/hm-def/node_modules/sanctuary-def": {
      "version": "0.18.1",
      "resolved": "https://registry.npmjs.org/sanctuary-def/-/sanctuary-def-0.18.1.tgz",
      "integrity": "sha512-Ltu/gU5ZskRln8NI6YJru5JbpkcMe4XqFx5zJMZysTKPmOVkETys5eVvZmclNLzPNrOIPvqBGJtD/D2q9yvP/A==",
      "dependencies": {
        "sanctuary-either": "1.0.x",
        "sanctuary-show": "1.0.x",
        "sanctuary-type-classes": "9.0.x",
        "sanctuary-type-identifiers": "2.0.x"
      }
    },
    "node_modules/hm-parser": {
      "version": "0.1.5",
      "resolved": "https://registry.npmjs.org/hm-parser/-/hm-parser-0.1.5.tgz",
      "integrity": "sha512-cgWda+ydrUZZs+HJVhdkdKGUK5Tl7fdnSuxaQLjsP0HvIp2lt3Ybnu/+iCXHMQwf+1FidjAnsOsLhrqf+64TOg==",
      "dependencies": {
        "nearley": "^2.7.12",
        "ramda": "^0.24.1"
      }
    },
    "node_modules/lodash.cond": {
      "version": "4.5.2",
      "resolved": "https://registry.npmjs.org/lodash.cond/-/lodash.cond-4.5.2.tgz",
      "integrity": "sha1-9HGh2khr5g9quVXRcRVSPdHSVdU="
    },
    "node_modules/lodash.frompairs": {
      "version": "4.0.1",
      "resolved": "https://registry.npmjs.org/lodash.frompairs/-/lodash.frompairs-4.0.1.tgz",
      "integrity": "sha1-vE5SB/onV8E25XNhTpZkUGsrG9I="
    },
    "node_modules/map-age-cleaner": {
      "version": "0.1.3",
      "resolved": "https://registry.npmjs.org/map-age-cleaner/-/map-age-cleaner-0.1.3.tgz",
      "integrity": "sha512-bJzx6nMoP6PDLPBFmg7+xRKeFZvFboMrGlxmNj9ClvX53KrmvM5bXFXEWjbz4cz1AFn+jWJ9z/DJSz7hrs0w3w==",
      "dependencies": {
        "p-defer": "^1.0.0"
      },
      "engines": {
        "node": ">=6"
      }
    },
    "node_modules/mem": {
      "version": "4.3.0",
      "resolved": "https://registry.npmjs.org/mem/-/mem-4.3.0.tgz",
      "integrity": "sha512-qX2bG48pTqYRVmDB37rn/6PT7LcR8T7oAX3bf99u1Tt1nzxYfxkgqDwUwolPlXweM0XzBOBFzSx4kfp7KP1s/w==",
      "dependencies": {
        "map-age-cleaner": "^0.1.1",
        "mimic-fn": "^2.0.0",
        "p-is-promise": "^2.0.0"
      },
      "engines": {
        "node": ">=6"
      }
    },
    "node_modules/mimic-fn": {
      "version": "2.1.0",
      "resolved": "https://registry.npmjs.org/mimic-fn/-/mimic-fn-2.1.0.tgz",
      "integrity": "sha512-OqbOk5oEQeAZ8WXWydlu9HJjz9WVdEIvamMCcXmuqUYjTknH/sqsWvhQ3vgwKFRR1HpjvNBKQ37nbJgYzGqGcg==",
      "engines": {
        "node": ">=6"
      }
    },
    "node_modules/moo": {
      "version": "0.5.1",
      "resolved": "https://registry.npmjs.org/moo/-/moo-0.5.1.tgz",
      "integrity": "sha512-I1mnb5xn4fO80BH9BLcF0yLypy2UKl+Cb01Fu0hJRkJjlCRtxZMWkTdAtDd5ZqCOxtCkhmRwyI57vWT+1iZ67w=="
    },
    "node_modules/nearley": {
      "version": "2.20.1",
      "resolved": "https://registry.npmjs.org/nearley/-/nearley-2.20.1.tgz",
      "integrity": "sha512-+Mc8UaAebFzgV+KpI5n7DasuuQCHA89dmwm7JXw3TV43ukfNQ9DnBH3Mdb2g/I4Fdxc26pwimBWvjIw0UAILSQ==",
      "dependencies": {
        "commander": "^2.19.0",
        "moo": "^0.5.0",
        "railroad-diagrams": "^1.0.0",
        "randexp": "0.4.6"
      },
      "bin": {
        "nearley-railroad": "bin/nearley-railroad.js",
        "nearley-test": "bin/nearley-test.js",
        "nearley-unparse": "bin/nearley-unparse.js",
        "nearleyc": "bin/nearleyc.js"
      },
      "funding": {
        "type": "individual",
        "url": "https://nearley.js.org/#give-to-nearley"
      }
    },
    "node_modules/p-defer": {
      "version": "1.0.0",
      "resolved": "https://registry.npmjs.org/p-defer/-/p-defer-1.0.0.tgz",
      "integrity": "sha1-n26xgvbJqozXQwBKfU+WsZaw+ww=",
      "engines": {
        "node": ">=4"
      }
    },
    "node_modules/p-is-promise": {
      "version": "2.1.0",
      "resolved": "https://registry.npmjs.org/p-is-promise/-/p-is-promise-2.1.0.tgz",
      "integrity": "sha512-Y3W0wlRPK8ZMRbNq97l4M5otioeA5lm1z7bkNkxCka8HSPjR0xRWmpCmc9utiaLP9Jb1eD8BgeIxTW4AIF45Pg==",
      "engines": {
        "node": ">=6"
      }
    },
    "node_modules/railroad-diagrams": {
      "version": "1.0.0",
      "resolved": "https://registry.npmjs.org/railroad-diagrams/-/railroad-diagrams-1.0.0.tgz",
      "integrity": "sha1-635iZ1SN3t+4mcG5Dlc3RVnN234="
    },
    "node_modules/ramda": {
      "version": "0.24.1",
      "resolved": "https://registry.npmjs.org/ramda/-/ramda-0.24.1.tgz",
      "integrity": "sha1-w7d1UZfzW43DUCIoJixMkd22uFc="
    },
    "node_modules/randexp": {
      "version": "0.4.6",
      "resolved": "https://registry.npmjs.org/randexp/-/randexp-0.4.6.tgz",
      "integrity": "sha512-80WNmd9DA0tmZrw9qQa62GPPWfuXJknrmVmLcxvq4uZBdYqb1wYoKTmnlGUchvVWe0XiLupYkBoXVOxz3C8DYQ==",
      "dependencies": {
        "discontinuous-range": "1.0.0",
        "ret": "~0.1.10"
      },
      "engines": {
        "node": ">=0.12"
      }
    },
    "node_modules/ret": {
      "version": "0.1.15",
      "resolved": "https://registry.npmjs.org/ret/-/ret-0.1.15.tgz",
      "integrity": "sha512-TTlYpa+OL+vMMNG24xSlQGEJ3B/RzEfUlLct7b5G/ytav+wPrplCpVMFuwzXbkecJrb6IYo1iFb0S9v37754mg==",
      "engines": {
        "node": ">=0.12"
      }
    },
    "node_modules/sanctuary": {
      "version": "0.15.1",
      "resolved": "https://registry.npmjs.org/sanctuary/-/sanctuary-0.15.1.tgz",
      "integrity": "sha512-guMq+RqXcABprELHRJJF0iHaqb1ErUkbyYN5KviAeQ2OM3WvaDz1GoKWQyj+lHUrprbMXCiJjrk3QVfiSeAERg==",
      "dependencies": {
        "sanctuary-def": "0.18.1",
        "sanctuary-either": "1.0.0",
        "sanctuary-maybe": "1.0.0",
        "sanctuary-pair": "1.0.0",
        "sanctuary-show": "1.0.0",
        "sanctuary-type-classes": "9.0.0",
        "sanctuary-type-identifiers": "2.0.1"
      }
    },
    "node_modules/sanctuary-def": {
      "version": "0.22.0",
      "resolved": "https://registry.npmjs.org/sanctuary-def/-/sanctuary-def-0.22.0.tgz",
      "integrity": "sha512-lywS27TfuPHzelMh6M1YWBcB//Lom4Gko/tGjKYbDPkPet1B5KplsSdjY+5sF4mwp6+PDUodsk/Y3Uskrc/ebw==",
      "peer": true,
      "dependencies": {
        "sanctuary-either": "2.1.0",
        "sanctuary-show": "2.0.0",
        "sanctuary-type-classes": "12.1.0",
        "sanctuary-type-identifiers": "3.0.0"
      }
    },
    "node_modules/sanctuary-def/node_modules/sanctuary-either": {
      "version": "2.1.0",
      "resolved": "https://registry.npmjs.org/sanctuary-either/-/sanctuary-either-2.1.0.tgz",
      "integrity": "sha512-AsQCma2yGAVS7Dlxme/09NZWQfcXBNylVmkuvarp8uOe9otSwClOgQyyePN2OxO4hTf3Au1Ck4ggm+97Je06kA==",
      "peer": true,
      "dependencies": {
        "sanctuary-show": "2.0.0",
        "sanctuary-type-classes": "12.1.0"
      }
    },
    "node_modules/sanctuary-def/node_modules/sanctuary-show": {
      "version": "2.0.0",
      "resolved": "https://registry.npmjs.org/sanctuary-show/-/sanctuary-show-2.0.0.tgz",
      "integrity": "sha512-REj4ZiioUXnDLj6EpJ9HcYDIEGaEexmB9Fg5o6InZR9f0x5PfnnC21QeU9SZ9E7G8zXSZPNjy8VRUK4safbesw==",
      "peer": true
    },
    "node_modules/sanctuary-def/node_modules/sanctuary-type-classes": {
      "version": "12.1.0",
      "resolved": "https://registry.npmjs.org/sanctuary-type-classes/-/sanctuary-type-classes-12.1.0.tgz",
      "integrity": "sha512-oWP071Q88dEgJwxHLZp8tc7DoS+mWmYhYOuhP85zznPpIxV1ZjJfyRvcR59YCazyFxyFeBif7bJx1giLhDZW0Q==",
      "peer": true,
      "dependencies": {
        "sanctuary-type-identifiers": "3.0.0"
      }
    },
    "node_modules/sanctuary-def/node_modules/sanctuary-type-identifiers": {
      "version": "3.0.0",
      "resolved": "https://registry.npmjs.org/sanctuary-type-identifiers/-/sanctuary-type-identifiers-3.0.0.tgz",
      "integrity": "sha512-YFXYcG0Ura1dSPd/1xLYtE2XAWUEsBHhMTZvYBOvwT8MeFQwdUOCMm2DC+r94z6H93FVq0qxDac8/D7QpJj6Mg==",
      "peer": true
    },
    "node_modules/sanctuary-either": {
      "version": "1.0.0",
      "resolved": "https://registry.npmjs.org/sanctuary-either/-/sanctuary-either-1.0.0.tgz",
      "integrity": "sha512-j4WAlwILU83wawXJQCSh5kVK27gxOykMuCfUfUOba/qUcFE+FxwHkt7lnHVYDjt7jG9SENe8bTQzPH/Zmhy3Ag==",
      "dependencies": {
        "sanctuary-show": "1.0.x",
        "sanctuary-type-classes": "9.0.0"
      }
    },
    "node_modules/sanctuary-maybe": {
      "version": "1.0.0",
      "resolved": "https://registry.npmjs.org/sanctuary-maybe/-/sanctuary-maybe-1.0.0.tgz",
      "integrity": "sha512-4TUjIxznxTZ1dh8Zw4PRhaVkzY8KIZ4GGsOXBytOSV83MRRGkuz7wJHj3bfh2i9lOekbjf0Oal6v7IF6uDiYvg==",
      "dependencies": {
        "sanctuary-show": "1.0.x",
        "sanctuary-type-classes": "9.0.0"
      }
    },
    "node_modules/sanctuary-pair": {
      "version": "1.0.0",
      "resolved": "https://registry.npmjs.org/sanctuary-pair/-/sanctuary-pair-1.0.0.tgz",
      "integrity": "sha512-fqXCO6boMLW7ZHrjc573u5maNdytIrNxeaotBBGrvbEVqiNeA6VH4eGARMLTCRdgOtW94aF5EUkBZCzvXLSujQ==",
      "dependencies": {
        "sanctuary-show": "1.0.x",
        "sanctuary-type-classes": "9.0.0"
      }
    },
    "node_modules/sanctuary-show": {
      "version": "1.0.0",
      "resolved": "https://registry.npmjs.org/sanctuary-show/-/sanctuary-show-1.0.0.tgz",
      "integrity": "sha512-63UqNGr5M6wkzKp6eGc/Gy6JBIV2PbzPd3q88+0F9z0qydAQsCWJ+7e4oor39rEEwj2GkZMDEhqGuiMl9eEnYw=="
    },
    "node_modules/sanctuary-type-classes": {
      "version": "9.0.0",
      "resolved": "https://registry.npmjs.org/sanctuary-type-classes/-/sanctuary-type-classes-9.0.0.tgz",
      "integrity": "sha512-rFW27f3D622kxKravpGU9OjWn66fnDjDjGPvoYo4hEoBg2ocypvp0R9cs0YovKL3jTO+PTceUBh5tYZ+l9ay3g==",
      "dependencies": {
        "sanctuary-type-identifiers": "1.0.x"
      }
    },
    "node_modules/sanctuary-type-classes/node_modules/sanctuary-type-identifiers": {
      "version": "1.0.0",
      "resolved": "https://registry.npmjs.org/sanctuary-type-identifiers/-/sanctuary-type-identifiers-1.0.0.tgz",
      "integrity": "sha1-6PNZ8AbLXmJM+4RkYD/BFGCL3p8="
    },
    "node_modules/sanctuary-type-identifiers": {
      "version": "2.0.1",
      "resolved": "https://registry.npmjs.org/sanctuary-type-identifiers/-/sanctuary-type-identifiers-2.0.1.tgz",
      "integrity": "sha1-/FJM9t2Szr/LsN2VCe/xkxWaIO0="
    },
    "node_modules/sanctuary/node_modules/sanctuary-def": {
      "version": "0.18.1",
      "resolved": "https://registry.npmjs.org/sanctuary-def/-/sanctuary-def-0.18.1.tgz",
      "integrity": "sha512-Ltu/gU5ZskRln8NI6YJru5JbpkcMe4XqFx5zJMZysTKPmOVkETys5eVvZmclNLzPNrOIPvqBGJtD/D2q9yvP/A==",
      "dependencies": {
        "sanctuary-either": "1.0.x",
        "sanctuary-show": "1.0.x",
        "sanctuary-type-classes": "9.0.x",
        "sanctuary-type-identifiers": "2.0.x"
      }
    }
  },
  "dependencies": {
    "commander": {
      "version": "2.20.3",
      "resolved": "https://registry.npmjs.org/commander/-/commander-2.20.3.tgz",
      "integrity": "sha512-GpVkmM8vF2vQUkj2LvZmD35JxeJOLCwJ9cUkugyk2nuhbv3+mJvpLYYt+0+USMxE+oj+ey/lJEnhZw75x/OMcQ=="
    },
    "daggy": {
      "version": "0.0.1",
      "resolved": "https://registry.npmjs.org/daggy/-/daggy-0.0.1.tgz",
      "integrity": "sha1-rpyTLJ9xNuZVoEr7Iei6rf0NNwc="
    },
    "discontinuous-range": {
      "version": "1.0.0",
      "resolved": "https://registry.npmjs.org/discontinuous-range/-/discontinuous-range-1.0.0.tgz",
      "integrity": "sha1-44Mx8IRLukm5qctxx3FYWqsbxlo="
    },
    "fantasy-combinators": {
      "version": "0.0.1",
      "resolved": "https://registry.npmjs.org/fantasy-combinators/-/fantasy-combinators-0.0.1.tgz",
      "integrity": "sha1-0YOIrtlL55CsQGkDH16gGDReM6E="
    },
    "fantasy-land": {
      "version": "3.5.0",
      "resolved": "https://registry.npmjs.org/fantasy-land/-/fantasy-land-3.5.0.tgz",
      "integrity": "sha512-ou7BCdUNzcyXfwI10mDBeYUCH/UbE7xjeeRizMLnjZkDJbw/Hvg1iNEl7NhNfcGxZO+cCyX3/ma3vamhwecqhw==",
      "requires": {
        "daggy": "0.0.x",
        "fantasy-combinators": "0.0.x"
      }
    },
    "fluture": {
      "version": "14.0.0",
      "resolved": "https://registry.npmjs.org/fluture/-/fluture-14.0.0.tgz",
      "integrity": "sha512-pENtLF948a8DfduVKugT8edTAbFi4rBS94xjHwzLanQqIu5PYtLGl+xqs6H8TaIRL7z/B0cDpswdINzH/HRUGA==",
      "peer": true,
      "requires": {
        "sanctuary-show": "^2.0.0",
        "sanctuary-type-identifiers": "^3.0.0"
      },
      "dependencies": {
        "sanctuary-show": {
          "version": "2.0.0",
          "resolved": "https://registry.npmjs.org/sanctuary-show/-/sanctuary-show-2.0.0.tgz",
          "integrity": "sha512-REj4ZiioUXnDLj6EpJ9HcYDIEGaEexmB9Fg5o6InZR9f0x5PfnnC21QeU9SZ9E7G8zXSZPNjy8VRUK4safbesw==",
          "peer": true
        },
        "sanctuary-type-identifiers": {
          "version": "3.0.0",
          "resolved": "https://registry.npmjs.org/sanctuary-type-identifiers/-/sanctuary-type-identifiers-3.0.0.tgz",
          "integrity": "sha512-YFXYcG0Ura1dSPd/1xLYtE2XAWUEsBHhMTZvYBOvwT8MeFQwdUOCMm2DC+r94z6H93FVq0qxDac8/D7QpJj6Mg==",
          "peer": true
        }
      }
    },
    "fluture-sanctuary-types": {
      "version": "7.1.0",
      "resolved": "https://registry.npmjs.org/fluture-sanctuary-types/-/fluture-sanctuary-types-7.1.0.tgz",
      "integrity": "sha512-Fnpu/D+a9u4nlMplKKR6iRKZhauYhFUibR67WIZ03SQGe+SwyrY3JjFKJs1zEPtB5diFJ+0I6gA6ICIgAu8iFA==",
      "requires": {
        "sanctuary-type-identifiers": "^3.0.0"
      },
      "dependencies": {
        "sanctuary-type-identifiers": {
          "version": "3.0.0",
          "resolved": "https://registry.npmjs.org/sanctuary-type-identifiers/-/sanctuary-type-identifiers-3.0.0.tgz",
          "integrity": "sha512-YFXYcG0Ura1dSPd/1xLYtE2XAWUEsBHhMTZvYBOvwT8MeFQwdUOCMm2DC+r94z6H93FVq0qxDac8/D7QpJj6Mg=="
        }
      }
    },
    "hm-def": {
      "version": "1.0.1",
      "resolved": "https://registry.npmjs.org/hm-def/-/hm-def-1.0.1.tgz",
      "integrity": "sha512-ux0hhn4Qq4lqleo6rHrW1363s6dNG9MyBHcPw6AuXto+S8XaHtNlHE9abxcuT/hQLvCA5OQPkBLqF4HVGk9PRw==",
      "requires": {
        "fantasy-land": "^3.5.0",
        "hm-parser": "^0.1.5",
        "lodash.cond": "^4.5.2",
        "lodash.frompairs": "^4.0.1",
        "mem": "^4.0.0",
        "sanctuary": "^0.15.0",
        "sanctuary-def": "^0.18.1",
        "sanctuary-show": "^1.0.0"
      },
      "dependencies": {
        "sanctuary-def": {
          "version": "0.18.1",
          "resolved": "https://registry.npmjs.org/sanctuary-def/-/sanctuary-def-0.18.1.tgz",
          "integrity": "sha512-Ltu/gU5ZskRln8NI6YJru5JbpkcMe4XqFx5zJMZysTKPmOVkETys5eVvZmclNLzPNrOIPvqBGJtD/D2q9yvP/A==",
          "requires": {
            "sanctuary-either": "1.0.x",
            "sanctuary-show": "1.0.x",
            "sanctuary-type-classes": "9.0.x",
            "sanctuary-type-identifiers": "2.0.x"
          }
        }
      }
    },
    "hm-parser": {
      "version": "0.1.5",
      "resolved": "https://registry.npmjs.org/hm-parser/-/hm-parser-0.1.5.tgz",
      "integrity": "sha512-cgWda+ydrUZZs+HJVhdkdKGUK5Tl7fdnSuxaQLjsP0HvIp2lt3Ybnu/+iCXHMQwf+1FidjAnsOsLhrqf+64TOg==",
      "requires": {
        "nearley": "^2.7.12",
        "ramda": "^0.24.1"
      }
    },
    "lodash.cond": {
      "version": "4.5.2",
      "resolved": "https://registry.npmjs.org/lodash.cond/-/lodash.cond-4.5.2.tgz",
      "integrity": "sha1-9HGh2khr5g9quVXRcRVSPdHSVdU="
    },
    "lodash.frompairs": {
      "version": "4.0.1",
      "resolved": "https://registry.npmjs.org/lodash.frompairs/-/lodash.frompairs-4.0.1.tgz",
      "integrity": "sha1-vE5SB/onV8E25XNhTpZkUGsrG9I="
    },
    "map-age-cleaner": {
      "version": "0.1.3",
      "resolved": "https://registry.npmjs.org/map-age-cleaner/-/map-age-cleaner-0.1.3.tgz",
      "integrity": "sha512-bJzx6nMoP6PDLPBFmg7+xRKeFZvFboMrGlxmNj9ClvX53KrmvM5bXFXEWjbz4cz1AFn+jWJ9z/DJSz7hrs0w3w==",
      "requires": {
        "p-defer": "^1.0.0"
      }
    },
    "mem": {
      "version": "4.3.0",
      "resolved": "https://registry.npmjs.org/mem/-/mem-4.3.0.tgz",
      "integrity": "sha512-qX2bG48pTqYRVmDB37rn/6PT7LcR8T7oAX3bf99u1Tt1nzxYfxkgqDwUwolPlXweM0XzBOBFzSx4kfp7KP1s/w==",
      "requires": {
        "map-age-cleaner": "^0.1.1",
        "mimic-fn": "^2.0.0",
        "p-is-promise": "^2.0.0"
      }
    },
    "mimic-fn": {
      "version": "2.1.0",
      "resolved": "https://registry.npmjs.org/mimic-fn/-/mimic-fn-2.1.0.tgz",
      "integrity": "sha512-OqbOk5oEQeAZ8WXWydlu9HJjz9WVdEIvamMCcXmuqUYjTknH/sqsWvhQ3vgwKFRR1HpjvNBKQ37nbJgYzGqGcg=="
    },
    "moo": {
      "version": "0.5.1",
      "resolved": "https://registry.npmjs.org/moo/-/moo-0.5.1.tgz",
      "integrity": "sha512-I1mnb5xn4fO80BH9BLcF0yLypy2UKl+Cb01Fu0hJRkJjlCRtxZMWkTdAtDd5ZqCOxtCkhmRwyI57vWT+1iZ67w=="
    },
    "nearley": {
      "version": "2.20.1",
      "resolved": "https://registry.npmjs.org/nearley/-/nearley-2.20.1.tgz",
      "integrity": "sha512-+Mc8UaAebFzgV+KpI5n7DasuuQCHA89dmwm7JXw3TV43ukfNQ9DnBH3Mdb2g/I4Fdxc26pwimBWvjIw0UAILSQ==",
      "requires": {
        "commander": "^2.19.0",
        "moo": "^0.5.0",
        "railroad-diagrams": "^1.0.0",
        "randexp": "0.4.6"
      }
    },
    "p-defer": {
      "version": "1.0.0",
      "resolved": "https://registry.npmjs.org/p-defer/-/p-defer-1.0.0.tgz",
      "integrity": "sha1-n26xgvbJqozXQwBKfU+WsZaw+ww="
    },
    "p-is-promise": {
      "version": "2.1.0",
      "resolved": "https://registry.npmjs.org/p-is-promise/-/p-is-promise-2.1.0.tgz",
      "integrity": "sha512-Y3W0wlRPK8ZMRbNq97l4M5otioeA5lm1z7bkNkxCka8HSPjR0xRWmpCmc9utiaLP9Jb1eD8BgeIxTW4AIF45Pg=="
    },
    "railroad-diagrams": {
      "version": "1.0.0",
      "resolved": "https://registry.npmjs.org/railroad-diagrams/-/railroad-diagrams-1.0.0.tgz",
      "integrity": "sha1-635iZ1SN3t+4mcG5Dlc3RVnN234="
    },
    "ramda": {
      "version": "0.24.1",
      "resolved": "https://registry.npmjs.org/ramda/-/ramda-0.24.1.tgz",
      "integrity": "sha1-w7d1UZfzW43DUCIoJixMkd22uFc="
    },
    "randexp": {
      "version": "0.4.6",
      "resolved": "https://registry.npmjs.org/randexp/-/randexp-0.4.6.tgz",
      "integrity": "sha512-80WNmd9DA0tmZrw9qQa62GPPWfuXJknrmVmLcxvq4uZBdYqb1wYoKTmnlGUchvVWe0XiLupYkBoXVOxz3C8DYQ==",
      "requires": {
        "discontinuous-range": "1.0.0",
        "ret": "~0.1.10"
      }
    },
    "ret": {
      "version": "0.1.15",
      "resolved": "https://registry.npmjs.org/ret/-/ret-0.1.15.tgz",
      "integrity": "sha512-TTlYpa+OL+vMMNG24xSlQGEJ3B/RzEfUlLct7b5G/ytav+wPrplCpVMFuwzXbkecJrb6IYo1iFb0S9v37754mg=="
    },
    "sanctuary": {
      "version": "0.15.1",
      "resolved": "https://registry.npmjs.org/sanctuary/-/sanctuary-0.15.1.tgz",
      "integrity": "sha512-guMq+RqXcABprELHRJJF0iHaqb1ErUkbyYN5KviAeQ2OM3WvaDz1GoKWQyj+lHUrprbMXCiJjrk3QVfiSeAERg==",
      "requires": {
        "sanctuary-def": "0.18.1",
        "sanctuary-either": "1.0.0",
        "sanctuary-maybe": "1.0.0",
        "sanctuary-pair": "1.0.0",
        "sanctuary-show": "1.0.0",
        "sanctuary-type-classes": "9.0.0",
        "sanctuary-type-identifiers": "2.0.1"
      },
      "dependencies": {
        "sanctuary-def": {
          "version": "0.18.1",
          "resolved": "https://registry.npmjs.org/sanctuary-def/-/sanctuary-def-0.18.1.tgz",
          "integrity": "sha512-Ltu/gU5ZskRln8NI6YJru5JbpkcMe4XqFx5zJMZysTKPmOVkETys5eVvZmclNLzPNrOIPvqBGJtD/D2q9yvP/A==",
          "requires": {
            "sanctuary-either": "1.0.x",
            "sanctuary-show": "1.0.x",
            "sanctuary-type-classes": "9.0.x",
            "sanctuary-type-identifiers": "2.0.x"
          }
        }
      }
    },
    "sanctuary-def": {
      "version": "0.22.0",
      "resolved": "https://registry.npmjs.org/sanctuary-def/-/sanctuary-def-0.22.0.tgz",
      "integrity": "sha512-lywS27TfuPHzelMh6M1YWBcB//Lom4Gko/tGjKYbDPkPet1B5KplsSdjY+5sF4mwp6+PDUodsk/Y3Uskrc/ebw==",
      "peer": true,
      "requires": {
        "sanctuary-either": "2.1.0",
        "sanctuary-show": "2.0.0",
        "sanctuary-type-classes": "12.1.0",
        "sanctuary-type-identifiers": "3.0.0"
      },
      "dependencies": {
        "sanctuary-either": {
          "version": "2.1.0",
          "resolved": "https://registry.npmjs.org/sanctuary-either/-/sanctuary-either-2.1.0.tgz",
          "integrity": "sha512-AsQCma2yGAVS7Dlxme/09NZWQfcXBNylVmkuvarp8uOe9otSwClOgQyyePN2OxO4hTf3Au1Ck4ggm+97Je06kA==",
          "peer": true,
          "requires": {
            "sanctuary-show": "2.0.0",
            "sanctuary-type-classes": "12.1.0"
          }
        },
        "sanctuary-show": {
          "version": "2.0.0",
          "resolved": "https://registry.npmjs.org/sanctuary-show/-/sanctuary-show-2.0.0.tgz",
          "integrity": "sha512-REj4ZiioUXnDLj6EpJ9HcYDIEGaEexmB9Fg5o6InZR9f0x5PfnnC21QeU9SZ9E7G8zXSZPNjy8VRUK4safbesw==",
          "peer": true
        },
        "sanctuary-type-classes": {
          "version": "12.1.0",
          "resolved": "https://registry.npmjs.org/sanctuary-type-classes/-/sanctuary-type-classes-12.1.0.tgz",
          "integrity": "sha512-oWP071Q88dEgJwxHLZp8tc7DoS+mWmYhYOuhP85zznPpIxV1ZjJfyRvcR59YCazyFxyFeBif7bJx1giLhDZW0Q==",
          "peer": true,
          "requires": {
            "sanctuary-type-identifiers": "3.0.0"
          }
        },
        "sanctuary-type-identifiers": {
          "version": "3.0.0",
          "resolved": "https://registry.npmjs.org/sanctuary-type-identifiers/-/sanctuary-type-identifiers-3.0.0.tgz",
          "integrity": "sha512-YFXYcG0Ura1dSPd/1xLYtE2XAWUEsBHhMTZvYBOvwT8MeFQwdUOCMm2DC+r94z6H93FVq0qxDac8/D7QpJj6Mg==",
          "peer": true
        }
      }
    },
    "sanctuary-either": {
      "version": "1.0.0",
      "resolved": "https://registry.npmjs.org/sanctuary-either/-/sanctuary-either-1.0.0.tgz",
      "integrity": "sha512-j4WAlwILU83wawXJQCSh5kVK27gxOykMuCfUfUOba/qUcFE+FxwHkt7lnHVYDjt7jG9SENe8bTQzPH/Zmhy3Ag==",
      "requires": {
        "sanctuary-show": "1.0.x",
        "sanctuary-type-classes": "9.0.0"
      }
    },
    "sanctuary-maybe": {
      "version": "1.0.0",
      "resolved": "https://registry.npmjs.org/sanctuary-maybe/-/sanctuary-maybe-1.0.0.tgz",
      "integrity": "sha512-4TUjIxznxTZ1dh8Zw4PRhaVkzY8KIZ4GGsOXBytOSV83MRRGkuz7wJHj3bfh2i9lOekbjf0Oal6v7IF6uDiYvg==",
      "requires": {
        "sanctuary-show": "1.0.x",
        "sanctuary-type-classes": "9.0.0"
      }
    },
    "sanctuary-pair": {
      "version": "1.0.0",
      "resolved": "https://registry.npmjs.org/sanctuary-pair/-/sanctuary-pair-1.0.0.tgz",
      "integrity": "sha512-fqXCO6boMLW7ZHrjc573u5maNdytIrNxeaotBBGrvbEVqiNeA6VH4eGARMLTCRdgOtW94aF5EUkBZCzvXLSujQ==",
      "requires": {
        "sanctuary-show": "1.0.x",
        "sanctuary-type-classes": "9.0.0"
      }
    },
    "sanctuary-show": {
      "version": "1.0.0",
      "resolved": "https://registry.npmjs.org/sanctuary-show/-/sanctuary-show-1.0.0.tgz",
      "integrity": "sha512-63UqNGr5M6wkzKp6eGc/Gy6JBIV2PbzPd3q88+0F9z0qydAQsCWJ+7e4oor39rEEwj2GkZMDEhqGuiMl9eEnYw=="
    },
    "sanctuary-type-classes": {
      "version": "9.0.0",
      "resolved": "https://registry.npmjs.org/sanctuary-type-classes/-/sanctuary-type-classes-9.0.0.tgz",
      "integrity": "sha512-rFW27f3D622kxKravpGU9OjWn66fnDjDjGPvoYo4hEoBg2ocypvp0R9cs0YovKL3jTO+PTceUBh5tYZ+l9ay3g==",
      "requires": {
        "sanctuary-type-identifiers": "1.0.x"
      },
      "dependencies": {
        "sanctuary-type-identifiers": {
          "version": "1.0.0",
          "resolved": "https://registry.npmjs.org/sanctuary-type-identifiers/-/sanctuary-type-identifiers-1.0.0.tgz",
          "integrity": "sha1-6PNZ8AbLXmJM+4RkYD/BFGCL3p8="
        }
      }
    },
    "sanctuary-type-identifiers": {
      "version": "2.0.1",
      "resolved": "https://registry.npmjs.org/sanctuary-type-identifiers/-/sanctuary-type-identifiers-2.0.1.tgz",
      "integrity": "sha1-/FJM9t2Szr/LsN2VCe/xkxWaIO0="
    }
  }
}
